// !$*UTF8*$!
{
	archiveVersion = 1;
	classes = {
	};
	objectVersion = 51;
	objects = {

/* Begin PBXBuildFile section */
		22BF9BEF9E4FF80D2A144B14 /* Pods_sampleServer.framework in Frameworks */ = {isa = PBXBuildFile; fileRef = 3E207181D96C659EFD534D52 /* Pods_sampleServer.framework */; };
		74318FD1259AD49400BDE55E /* SampleHTTPClient.swift in Sources */ = {isa = PBXBuildFile; fileRef = 74318FD0259AD49400BDE55E /* SampleHTTPClient.swift */; };
		74477EAE25991D0800C73577 /* sampleClientApp.swift in Sources */ = {isa = PBXBuildFile; fileRef = 74477EAD25991D0800C73577 /* sampleClientApp.swift */; };
		74477EB025991D0800C73577 /* ContentView.swift in Sources */ = {isa = PBXBuildFile; fileRef = 74477EAF25991D0800C73577 /* ContentView.swift */; };
		74477EB225991D0900C73577 /* Assets.xcassets in Resources */ = {isa = PBXBuildFile; fileRef = 74477EB125991D0900C73577 /* Assets.xcassets */; };
		74477EB525991D0900C73577 /* Preview Assets.xcassets in Resources */ = {isa = PBXBuildFile; fileRef = 74477EB425991D0900C73577 /* Preview Assets.xcassets */; };
		74477EC225991DE500C73577 /* BonjourBrowser.swift in Sources */ = {isa = PBXBuildFile; fileRef = 74477EC125991DE500C73577 /* BonjourBrowser.swift */; };
		74477EC525991DEF00C73577 /* BonjourConnection.swift in Sources */ = {isa = PBXBuildFile; fileRef = 74477EC425991DEF00C73577 /* BonjourConnection.swift */; };
		74477EC82599218700C73577 /* ServiceView.swift in Sources */ = {isa = PBXBuildFile; fileRef = 74477EC72599218700C73577 /* ServiceView.swift */; };
		74477ED225992F5500C73577 /* sampleServerApp.swift in Sources */ = {isa = PBXBuildFile; fileRef = 74477ED125992F5500C73577 /* sampleServerApp.swift */; };
		74477ED425992F5500C73577 /* ContentView.swift in Sources */ = {isa = PBXBuildFile; fileRef = 74477ED325992F5500C73577 /* ContentView.swift */; };
		74477ED625992F5600C73577 /* Assets.xcassets in Resources */ = {isa = PBXBuildFile; fileRef = 74477ED525992F5600C73577 /* Assets.xcassets */; };
		74477ED925992F5600C73577 /* Preview Assets.xcassets in Resources */ = {isa = PBXBuildFile; fileRef = 74477ED825992F5600C73577 /* Preview Assets.xcassets */; };
		74477EE225992F7F00C73577 /* BonjourService.swift in Sources */ = {isa = PBXBuildFile; fileRef = 74477EE125992F7F00C73577 /* BonjourService.swift */; };
		74477EEE2599977300C73577 /* BonjourRequest.swift in Sources */ = {isa = PBXBuildFile; fileRef = 74477EED2599977300C73577 /* BonjourRequest.swift */; };
		74477EEF2599977300C73577 /* BonjourRequest.swift in Sources */ = {isa = PBXBuildFile; fileRef = 74477EED2599977300C73577 /* BonjourRequest.swift */; };
		74477EFB2599AAB400C73577 /* SampleHTTPServer.swift in Sources */ = {isa = PBXBuildFile; fileRef = 74477EFA2599AAB400C73577 /* SampleHTTPServer.swift */; };
		74477F072599B40E00C73577 /* BonjourResponce.swift in Sources */ = {isa = PBXBuildFile; fileRef = 74477F062599B40E00C73577 /* BonjourResponce.swift */; };
		74477F0A2599B6ED00C73577 /* BonjourResponce.swift in Sources */ = {isa = PBXBuildFile; fileRef = 74477F062599B40E00C73577 /* BonjourResponce.swift */; };
		74477F18259A2CA800C73577 /* BonjourParser.swift in Sources */ = {isa = PBXBuildFile; fileRef = 74477F17259A2CA800C73577 /* BonjourParser.swift */; };
		74477F19259A2CA800C73577 /* BonjourParser.swift in Sources */ = {isa = PBXBuildFile; fileRef = 74477F17259A2CA800C73577 /* BonjourParser.swift */; };
		74477F1F259A45A700C73577 /* bonjour-http.podspec in Resources */ = {isa = PBXBuildFile; fileRef = 74477F1E259A45A700C73577 /* bonjour-http.podspec */; };
		74477F20259A45A700C73577 /* bonjour-http.podspec in Resources */ = {isa = PBXBuildFile; fileRef = 74477F1E259A45A700C73577 /* bonjour-http.podspec */; };
		74477F24259A479800C73577 /* LICENSE in Resources */ = {isa = PBXBuildFile; fileRef = 74477F23259A479800C73577 /* LICENSE */; };
		74477F25259A479800C73577 /* LICENSE in Resources */ = {isa = PBXBuildFile; fileRef = 74477F23259A479800C73577 /* LICENSE */; };
		74477F29259A47A300C73577 /* README.md in Resources */ = {isa = PBXBuildFile; fileRef = 74477F28259A47A300C73577 /* README.md */; };
		74477F2A259A47A300C73577 /* README.md in Resources */ = {isa = PBXBuildFile; fileRef = 74477F28259A47A300C73577 /* README.md */; };
		7454C7C725A1FE8500D3C4A0 /* bonjour-http-server.podspec in Resources */ = {isa = PBXBuildFile; fileRef = 7454C7C625A1FE8500D3C4A0 /* bonjour-http-server.podspec */; };
		7454C7C825A1FE8500D3C4A0 /* bonjour-http-server.podspec in Resources */ = {isa = PBXBuildFile; fileRef = 7454C7C625A1FE8500D3C4A0 /* bonjour-http-server.podspec */; };
		ED11A73978AFEE617A297E5F /* Pods_sampleClient.framework in Frameworks */ = {isa = PBXBuildFile; fileRef = 59DD8DAC7EC52A66DB68E6CE /* Pods_sampleClient.framework */; };
/* End PBXBuildFile section */

/* Begin PBXFileReference section */
		3E207181D96C659EFD534D52 /* Pods_sampleServer.framework */ = {isa = PBXFileReference; explicitFileType = wrapper.framework; includeInIndex = 0; path = Pods_sampleServer.framework; sourceTree = BUILT_PRODUCTS_DIR; };
		59DD8DAC7EC52A66DB68E6CE /* Pods_sampleClient.framework */ = {isa = PBXFileReference; explicitFileType = wrapper.framework; includeInIndex = 0; path = Pods_sampleClient.framework; sourceTree = BUILT_PRODUCTS_DIR; };
		74318FD0259AD49400BDE55E /* SampleHTTPClient.swift */ = {isa = PBXFileReference; lastKnownFileType = sourcecode.swift; path = SampleHTTPClient.swift; sourceTree = "<group>"; };
		74477EAA25991D0800C73577 /* sampleClient.app */ = {isa = PBXFileReference; explicitFileType = wrapper.application; includeInIndex = 0; path = sampleClient.app; sourceTree = BUILT_PRODUCTS_DIR; };
		74477EAD25991D0800C73577 /* sampleClientApp.swift */ = {isa = PBXFileReference; lastKnownFileType = sourcecode.swift; path = sampleClientApp.swift; sourceTree = "<group>"; };
		74477EAF25991D0800C73577 /* ContentView.swift */ = {isa = PBXFileReference; lastKnownFileType = sourcecode.swift; path = ContentView.swift; sourceTree = "<group>"; };
		74477EB125991D0900C73577 /* Assets.xcassets */ = {isa = PBXFileReference; lastKnownFileType = folder.assetcatalog; path = Assets.xcassets; sourceTree = "<group>"; };
		74477EB425991D0900C73577 /* Preview Assets.xcassets */ = {isa = PBXFileReference; lastKnownFileType = folder.assetcatalog; path = "Preview Assets.xcassets"; sourceTree = "<group>"; };
		74477EB625991D0900C73577 /* Info.plist */ = {isa = PBXFileReference; lastKnownFileType = text.plist.xml; path = Info.plist; sourceTree = "<group>"; };
		74477EC125991DE500C73577 /* BonjourBrowser.swift */ = {isa = PBXFileReference; fileEncoding = 4; lastKnownFileType = sourcecode.swift; path = BonjourBrowser.swift; sourceTree = "<group>"; };
		74477EC425991DEF00C73577 /* BonjourConnection.swift */ = {isa = PBXFileReference; fileEncoding = 4; lastKnownFileType = sourcecode.swift; path = BonjourConnection.swift; sourceTree = "<group>"; };
		74477EC72599218700C73577 /* ServiceView.swift */ = {isa = PBXFileReference; lastKnownFileType = sourcecode.swift; path = ServiceView.swift; sourceTree = "<group>"; };
		74477ECF25992F5500C73577 /* sampleServer.app */ = {isa = PBXFileReference; explicitFileType = wrapper.application; includeInIndex = 0; path = sampleServer.app; sourceTree = BUILT_PRODUCTS_DIR; };
		74477ED125992F5500C73577 /* sampleServerApp.swift */ = {isa = PBXFileReference; lastKnownFileType = sourcecode.swift; path = sampleServerApp.swift; sourceTree = "<group>"; };
		74477ED325992F5500C73577 /* ContentView.swift */ = {isa = PBXFileReference; lastKnownFileType = sourcecode.swift; path = ContentView.swift; sourceTree = "<group>"; };
		74477ED525992F5600C73577 /* Assets.xcassets */ = {isa = PBXFileReference; lastKnownFileType = folder.assetcatalog; path = Assets.xcassets; sourceTree = "<group>"; };
		74477ED825992F5600C73577 /* Preview Assets.xcassets */ = {isa = PBXFileReference; lastKnownFileType = folder.assetcatalog; path = "Preview Assets.xcassets"; sourceTree = "<group>"; };
		74477EDA25992F5600C73577 /* Info.plist */ = {isa = PBXFileReference; lastKnownFileType = text.plist.xml; path = Info.plist; sourceTree = "<group>"; };
		74477EDB25992F5600C73577 /* sampleServer.entitlements */ = {isa = PBXFileReference; lastKnownFileType = text.plist.entitlements; path = sampleServer.entitlements; sourceTree = "<group>"; };
		74477EE125992F7F00C73577 /* BonjourService.swift */ = {isa = PBXFileReference; fileEncoding = 4; lastKnownFileType = sourcecode.swift; path = BonjourService.swift; sourceTree = "<group>"; };
		74477EED2599977300C73577 /* BonjourRequest.swift */ = {isa = PBXFileReference; lastKnownFileType = sourcecode.swift; path = BonjourRequest.swift; sourceTree = "<group>"; };
		74477EFA2599AAB400C73577 /* SampleHTTPServer.swift */ = {isa = PBXFileReference; lastKnownFileType = sourcecode.swift; path = SampleHTTPServer.swift; sourceTree = "<group>"; };
		74477F062599B40E00C73577 /* BonjourResponce.swift */ = {isa = PBXFileReference; lastKnownFileType = sourcecode.swift; path = BonjourResponce.swift; sourceTree = "<group>"; };
		74477F17259A2CA800C73577 /* BonjourParser.swift */ = {isa = PBXFileReference; lastKnownFileType = sourcecode.swift; path = BonjourParser.swift; sourceTree = "<group>"; };
		74477F1E259A45A700C73577 /* bonjour-http.podspec */ = {isa = PBXFileReference; fileEncoding = 4; lastKnownFileType = text; path = "bonjour-http.podspec"; sourceTree = "<group>"; };
		74477F23259A479800C73577 /* LICENSE */ = {isa = PBXFileReference; fileEncoding = 4; lastKnownFileType = text; path = LICENSE; sourceTree = "<group>"; };
		74477F28259A47A300C73577 /* README.md */ = {isa = PBXFileReference; fileEncoding = 4; lastKnownFileType = net.daringfireball.markdown; path = README.md; sourceTree = "<group>"; };
		7454C7C625A1FE8500D3C4A0 /* bonjour-http-server.podspec */ = {isa = PBXFileReference; fileEncoding = 4; lastKnownFileType = text; path = "bonjour-http-server.podspec"; sourceTree = "<group>"; };
		7D9864B4A1FDB8C40D95C245 /* Pods-sampleClient.debug.xcconfig */ = {isa = PBXFileReference; includeInIndex = 1; lastKnownFileType = text.xcconfig; name = "Pods-sampleClient.debug.xcconfig"; path = "Target Support Files/Pods-sampleClient/Pods-sampleClient.debug.xcconfig"; sourceTree = "<group>"; };
		99C09FBDEFC6FEF5B6A4A16C /* Pods-sampleClient.release.xcconfig */ = {isa = PBXFileReference; includeInIndex = 1; lastKnownFileType = text.xcconfig; name = "Pods-sampleClient.release.xcconfig"; path = "Target Support Files/Pods-sampleClient/Pods-sampleClient.release.xcconfig"; sourceTree = "<group>"; };
		B30BDF6643E49594A5D2E805 /* Pods-sampleServer.debug.xcconfig */ = {isa = PBXFileReference; includeInIndex = 1; lastKnownFileType = text.xcconfig; name = "Pods-sampleServer.debug.xcconfig"; path = "Target Support Files/Pods-sampleServer/Pods-sampleServer.debug.xcconfig"; sourceTree = "<group>"; };
		E525FA670C0A847C55594E47 /* Pods-sampleServer.release.xcconfig */ = {isa = PBXFileReference; includeInIndex = 1; lastKnownFileType = text.xcconfig; name = "Pods-sampleServer.release.xcconfig"; path = "Target Support Files/Pods-sampleServer/Pods-sampleServer.release.xcconfig"; sourceTree = "<group>"; };
/* End PBXFileReference section */

/* Begin PBXFrameworksBuildPhase section */
		74477EA725991D0800C73577 /* Frameworks */ = {
			isa = PBXFrameworksBuildPhase;
			buildActionMask = 2147483647;
			files = (
				ED11A73978AFEE617A297E5F /* Pods_sampleClient.framework in Frameworks */,
			);
			runOnlyForDeploymentPostprocessing = 0;
		};
		74477ECC25992F5500C73577 /* Frameworks */ = {
			isa = PBXFrameworksBuildPhase;
			buildActionMask = 2147483647;
			files = (
				22BF9BEF9E4FF80D2A144B14 /* Pods_sampleServer.framework in Frameworks */,
			);
			runOnlyForDeploymentPostprocessing = 0;
		};
/* End PBXFrameworksBuildPhase section */

/* Begin PBXGroup section */
		2B6B5378A0C7AC8983D6C541 /* Pods */ = {
			isa = PBXGroup;
			children = (
				7D9864B4A1FDB8C40D95C245 /* Pods-sampleClient.debug.xcconfig */,
				99C09FBDEFC6FEF5B6A4A16C /* Pods-sampleClient.release.xcconfig */,
				B30BDF6643E49594A5D2E805 /* Pods-sampleServer.debug.xcconfig */,
				E525FA670C0A847C55594E47 /* Pods-sampleServer.release.xcconfig */,
			);
			path = Pods;
			sourceTree = "<group>";
		};
		74477E9F25991C9C00C73577 = {
			isa = PBXGroup;
			children = (
				74477F28259A47A300C73577 /* README.md */,
				74477F23259A479800C73577 /* LICENSE */,
				74477F1E259A45A700C73577 /* bonjour-http.podspec */,
				7454C7C625A1FE8500D3C4A0 /* bonjour-http-server.podspec */,
				74477EC025991DCB00C73577 /* core */,
				74477EAC25991D0800C73577 /* sampleClient */,
				74477ED025992F5500C73577 /* sampleServer */,
				74477EAB25991D0800C73577 /* Products */,
				2B6B5378A0C7AC8983D6C541 /* Pods */,
				D4D83ADDD3969C6BBB592D0B /* Frameworks */,
			);
			sourceTree = "<group>";
		};
		74477EAB25991D0800C73577 /* Products */ = {
			isa = PBXGroup;
			children = (
				74477EAA25991D0800C73577 /* sampleClient.app */,
				74477ECF25992F5500C73577 /* sampleServer.app */,
			);
			name = Products;
			sourceTree = "<group>";
		};
		74477EAC25991D0800C73577 /* sampleClient */ = {
			isa = PBXGroup;
			children = (
				74477EAD25991D0800C73577 /* sampleClientApp.swift */,
				74477EAF25991D0800C73577 /* ContentView.swift */,
				74477EC72599218700C73577 /* ServiceView.swift */,
				74318FD0259AD49400BDE55E /* SampleHTTPClient.swift */,
				74477EB125991D0900C73577 /* Assets.xcassets */,
				74477EB625991D0900C73577 /* Info.plist */,
				74477EB325991D0900C73577 /* Preview Content */,
			);
			path = sampleClient;
			sourceTree = "<group>";
		};
		74477EB325991D0900C73577 /* Preview Content */ = {
			isa = PBXGroup;
			children = (
				74477EB425991D0900C73577 /* Preview Assets.xcassets */,
			);
			path = "Preview Content";
			sourceTree = "<group>";
		};
		74477EC025991DCB00C73577 /* core */ = {
			isa = PBXGroup;
			children = (
				74477EC125991DE500C73577 /* BonjourBrowser.swift */,
				74477EC425991DEF00C73577 /* BonjourConnection.swift */,
				74477EE125992F7F00C73577 /* BonjourService.swift */,
				74477F17259A2CA800C73577 /* BonjourParser.swift */,
				74477EED2599977300C73577 /* BonjourRequest.swift */,
				74477F062599B40E00C73577 /* BonjourResponce.swift */,
			);
			path = core;
			sourceTree = "<group>";
		};
		74477ED025992F5500C73577 /* sampleServer */ = {
			isa = PBXGroup;
			children = (
				74477ED125992F5500C73577 /* sampleServerApp.swift */,
				74477ED325992F5500C73577 /* ContentView.swift */,
				74477EFA2599AAB400C73577 /* SampleHTTPServer.swift */,
				74477ED525992F5600C73577 /* Assets.xcassets */,
				74477EDA25992F5600C73577 /* Info.plist */,
				74477EDB25992F5600C73577 /* sampleServer.entitlements */,
				74477ED725992F5600C73577 /* Preview Content */,
			);
			path = sampleServer;
			sourceTree = "<group>";
		};
		74477ED725992F5600C73577 /* Preview Content */ = {
			isa = PBXGroup;
			children = (
				74477ED825992F5600C73577 /* Preview Assets.xcassets */,
			);
			path = "Preview Content";
			sourceTree = "<group>";
		};
		D4D83ADDD3969C6BBB592D0B /* Frameworks */ = {
			isa = PBXGroup;
			children = (
				59DD8DAC7EC52A66DB68E6CE /* Pods_sampleClient.framework */,
				3E207181D96C659EFD534D52 /* Pods_sampleServer.framework */,
			);
			name = Frameworks;
			sourceTree = "<group>";
		};
/* End PBXGroup section */

/* Begin PBXNativeTarget section */
		74477EA925991D0800C73577 /* sampleClient */ = {
			isa = PBXNativeTarget;
			buildConfigurationList = 74477EB925991D0900C73577 /* Build configuration list for PBXNativeTarget "sampleClient" */;
			buildPhases = (
				CA5A57666781F0871585F58B /* [CP] Check Pods Manifest.lock */,
				74477EA625991D0800C73577 /* Sources */,
				74477EA725991D0800C73577 /* Frameworks */,
				74477EA825991D0800C73577 /* Resources */,
				E3F0F1EE7CCCCB16715C3B26 /* [CP] Embed Pods Frameworks */,
			);
			buildRules = (
			);
			dependencies = (
			);
			name = sampleClient;
			productName = sampleClient;
			productReference = 74477EAA25991D0800C73577 /* sampleClient.app */;
			productType = "com.apple.product-type.application";
		};
		74477ECE25992F5500C73577 /* sampleServer */ = {
			isa = PBXNativeTarget;
			buildConfigurationList = 74477EDC25992F5600C73577 /* Build configuration list for PBXNativeTarget "sampleServer" */;
			buildPhases = (
				D970A5D45ED992C813234D3A /* [CP] Check Pods Manifest.lock */,
				74477ECB25992F5500C73577 /* Sources */,
				74477ECC25992F5500C73577 /* Frameworks */,
				74477ECD25992F5500C73577 /* Resources */,
				E198FA25037A9898C83F3B62 /* [CP] Embed Pods Frameworks */,
			);
			buildRules = (
			);
			dependencies = (
			);
			name = sampleServer;
			productName = sampleServer;
			productReference = 74477ECF25992F5500C73577 /* sampleServer.app */;
			productType = "com.apple.product-type.application";
		};
/* End PBXNativeTarget section */

/* Begin PBXProject section */
		74477EA025991C9C00C73577 /* Project object */ = {
			isa = PBXProject;
			attributes = {
				LastSwiftUpdateCheck = 1230;
				LastUpgradeCheck = 1230;
				TargetAttributes = {
					74477EA925991D0800C73577 = {
						CreatedOnToolsVersion = 12.3;
					};
					74477ECE25992F5500C73577 = {
						CreatedOnToolsVersion = 12.3;
					};
				};
			};
			buildConfigurationList = 74477EA325991C9C00C73577 /* Build configuration list for PBXProject "bonjour-http" */;
			compatibilityVersion = "Xcode 9.3";
			developmentRegion = en;
			hasScannedForEncodings = 0;
			knownRegions = (
				en,
				Base,
			);
			mainGroup = 74477E9F25991C9C00C73577;
			productRefGroup = 74477EAB25991D0800C73577 /* Products */;
			projectDirPath = "";
			projectRoot = "";
			targets = (
				74477EA925991D0800C73577 /* sampleClient */,
				74477ECE25992F5500C73577 /* sampleServer */,
			);
		};
/* End PBXProject section */

/* Begin PBXResourcesBuildPhase section */
		74477EA825991D0800C73577 /* Resources */ = {
			isa = PBXResourcesBuildPhase;
			buildActionMask = 2147483647;
			files = (
				74477EB525991D0900C73577 /* Preview Assets.xcassets in Resources */,
				7454C7C725A1FE8500D3C4A0 /* bonjour-http-server.podspec in Resources */,
				74477F1F259A45A700C73577 /* bonjour-http.podspec in Resources */,
				74477F29259A47A300C73577 /* README.md in Resources */,
				74477F24259A479800C73577 /* LICENSE in Resources */,
				74477EB225991D0900C73577 /* Assets.xcassets in Resources */,
			);
			runOnlyForDeploymentPostprocessing = 0;
		};
		74477ECD25992F5500C73577 /* Resources */ = {
			isa = PBXResourcesBuildPhase;
			buildActionMask = 2147483647;
			files = (
				74477ED925992F5600C73577 /* Preview Assets.xcassets in Resources */,
				7454C7C825A1FE8500D3C4A0 /* bonjour-http-server.podspec in Resources */,
				74477F20259A45A700C73577 /* bonjour-http.podspec in Resources */,
				74477F2A259A47A300C73577 /* README.md in Resources */,
				74477F25259A479800C73577 /* LICENSE in Resources */,
				74477ED625992F5600C73577 /* Assets.xcassets in Resources */,
			);
			runOnlyForDeploymentPostprocessing = 0;
		};
/* End PBXResourcesBuildPhase section */

/* Begin PBXShellScriptBuildPhase section */
		CA5A57666781F0871585F58B /* [CP] Check Pods Manifest.lock */ = {
			isa = PBXShellScriptBuildPhase;
			buildActionMask = 2147483647;
			files = (
			);
			inputFileListPaths = (
			);
			inputPaths = (
				"${PODS_PODFILE_DIR_PATH}/Podfile.lock",
				"${PODS_ROOT}/Manifest.lock",
			);
			name = "[CP] Check Pods Manifest.lock";
			outputFileListPaths = (
			);
			outputPaths = (
				"$(DERIVED_FILE_DIR)/Pods-sampleClient-checkManifestLockResult.txt",
			);
			runOnlyForDeploymentPostprocessing = 0;
			shellPath = /bin/sh;
			shellScript = "diff \"${PODS_PODFILE_DIR_PATH}/Podfile.lock\" \"${PODS_ROOT}/Manifest.lock\" > /dev/null\nif [ $? != 0 ] ; then\n    # print error to STDERR\n    echo \"error: The sandbox is not in sync with the Podfile.lock. Run 'pod install' or update your CocoaPods installation.\" >&2\n    exit 1\nfi\n# This output is used by Xcode 'outputs' to avoid re-running this script phase.\necho \"SUCCESS\" > \"${SCRIPT_OUTPUT_FILE_0}\"\n";
			showEnvVarsInLog = 0;
		};
		D970A5D45ED992C813234D3A /* [CP] Check Pods Manifest.lock */ = {
			isa = PBXShellScriptBuildPhase;
			buildActionMask = 2147483647;
			files = (
			);
			inputFileListPaths = (
			);
			inputPaths = (
				"${PODS_PODFILE_DIR_PATH}/Podfile.lock",
				"${PODS_ROOT}/Manifest.lock",
			);
			name = "[CP] Check Pods Manifest.lock";
			outputFileListPaths = (
			);
			outputPaths = (
				"$(DERIVED_FILE_DIR)/Pods-sampleServer-checkManifestLockResult.txt",
			);
			runOnlyForDeploymentPostprocessing = 0;
			shellPath = /bin/sh;
			shellScript = "diff \"${PODS_PODFILE_DIR_PATH}/Podfile.lock\" \"${PODS_ROOT}/Manifest.lock\" > /dev/null\nif [ $? != 0 ] ; then\n    # print error to STDERR\n    echo \"error: The sandbox is not in sync with the Podfile.lock. Run 'pod install' or update your CocoaPods installation.\" >&2\n    exit 1\nfi\n# This output is used by Xcode 'outputs' to avoid re-running this script phase.\necho \"SUCCESS\" > \"${SCRIPT_OUTPUT_FILE_0}\"\n";
			showEnvVarsInLog = 0;
		};
		E198FA25037A9898C83F3B62 /* [CP] Embed Pods Frameworks */ = {
			isa = PBXShellScriptBuildPhase;
			buildActionMask = 2147483647;
			files = (
			);
			inputFileListPaths = (
				"${PODS_ROOT}/Target Support Files/Pods-sampleServer/Pods-sampleServer-frameworks-${CONFIGURATION}-input-files.xcfilelist",
			);
			name = "[CP] Embed Pods Frameworks";
			outputFileListPaths = (
				"${PODS_ROOT}/Target Support Files/Pods-sampleServer/Pods-sampleServer-frameworks-${CONFIGURATION}-output-files.xcfilelist",
			);
			runOnlyForDeploymentPostprocessing = 0;
			shellPath = /bin/sh;
			shellScript = "\"${PODS_ROOT}/Target Support Files/Pods-sampleServer/Pods-sampleServer-frameworks.sh\"\n";
			showEnvVarsInLog = 0;
		};
		E3F0F1EE7CCCCB16715C3B26 /* [CP] Embed Pods Frameworks */ = {
			isa = PBXShellScriptBuildPhase;
			buildActionMask = 2147483647;
			files = (
			);
			inputFileListPaths = (
				"${PODS_ROOT}/Target Support Files/Pods-sampleClient/Pods-sampleClient-frameworks-${CONFIGURATION}-input-files.xcfilelist",
			);
			name = "[CP] Embed Pods Frameworks";
			outputFileListPaths = (
				"${PODS_ROOT}/Target Support Files/Pods-sampleClient/Pods-sampleClient-frameworks-${CONFIGURATION}-output-files.xcfilelist",
			);
			runOnlyForDeploymentPostprocessing = 0;
			shellPath = /bin/sh;
			shellScript = "\"${PODS_ROOT}/Target Support Files/Pods-sampleClient/Pods-sampleClient-frameworks.sh\"\n";
			showEnvVarsInLog = 0;
		};
/* End PBXShellScriptBuildPhase section */

/* Begin PBXSourcesBuildPhase section */
		74477EA625991D0800C73577 /* Sources */ = {
			isa = PBXSourcesBuildPhase;
			buildActionMask = 2147483647;
			files = (
				74477EC225991DE500C73577 /* BonjourBrowser.swift in Sources */,
				74477EC82599218700C73577 /* ServiceView.swift in Sources */,
				74477F18259A2CA800C73577 /* BonjourParser.swift in Sources */,
				74477EEE2599977300C73577 /* BonjourRequest.swift in Sources */,
				74477F0A2599B6ED00C73577 /* BonjourResponce.swift in Sources */,
				74477EC525991DEF00C73577 /* BonjourConnection.swift in Sources */,
				74477EB025991D0800C73577 /* ContentView.swift in Sources */,
				74477EAE25991D0800C73577 /* sampleClientApp.swift in Sources */,
				74318FD1259AD49400BDE55E /* SampleHTTPClient.swift in Sources */,
			);
			runOnlyForDeploymentPostprocessing = 0;
		};
		74477ECB25992F5500C73577 /* Sources */ = {
			isa = PBXSourcesBuildPhase;
			buildActionMask = 2147483647;
			files = (
				74477EEF2599977300C73577 /* BonjourRequest.swift in Sources */,
				74477ED425992F5500C73577 /* ContentView.swift in Sources */,
				74477F19259A2CA800C73577 /* BonjourParser.swift in Sources */,
				74477EFB2599AAB400C73577 /* SampleHTTPServer.swift in Sources */,
				74477EE225992F7F00C73577 /* BonjourService.swift in Sources */,
				74477F072599B40E00C73577 /* BonjourResponce.swift in Sources */,
				74477ED225992F5500C73577 /* sampleServerApp.swift in Sources */,
			);
			runOnlyForDeploymentPostprocessing = 0;
		};
/* End PBXSourcesBuildPhase section */

/* Begin XCBuildConfiguration section */
		74477EA425991C9C00C73577 /* Debug */ = {
			isa = XCBuildConfiguration;
			buildSettings = {
			};
			name = Debug;
		};
		74477EA525991C9C00C73577 /* Release */ = {
			isa = XCBuildConfiguration;
			buildSettings = {
			};
			name = Release;
		};
		74477EB725991D0900C73577 /* Debug */ = {
			isa = XCBuildConfiguration;
			baseConfigurationReference = 7D9864B4A1FDB8C40D95C245 /* Pods-sampleClient.debug.xcconfig */;
			buildSettings = {
				ALWAYS_SEARCH_USER_PATHS = NO;
				ASSETCATALOG_COMPILER_APPICON_NAME = AppIcon;
				ASSETCATALOG_COMPILER_GLOBAL_ACCENT_COLOR_NAME = AccentColor;
				CLANG_ANALYZER_NONNULL = YES;
				CLANG_ANALYZER_NUMBER_OBJECT_CONVERSION = YES_AGGRESSIVE;
				CLANG_CXX_LANGUAGE_STANDARD = "gnu++14";
				CLANG_CXX_LIBRARY = "libc++";
				CLANG_ENABLE_MODULES = YES;
				CLANG_ENABLE_OBJC_ARC = YES;
				CLANG_ENABLE_OBJC_WEAK = YES;
				CLANG_WARN_BLOCK_CAPTURE_AUTORELEASING = YES;
				CLANG_WARN_BOOL_CONVERSION = YES;
				CLANG_WARN_COMMA = YES;
				CLANG_WARN_CONSTANT_CONVERSION = YES;
				CLANG_WARN_DEPRECATED_OBJC_IMPLEMENTATIONS = YES;
				CLANG_WARN_DIRECT_OBJC_ISA_USAGE = YES_ERROR;
				CLANG_WARN_DOCUMENTATION_COMMENTS = YES;
				CLANG_WARN_EMPTY_BODY = YES;
				CLANG_WARN_ENUM_CONVERSION = YES;
				CLANG_WARN_INFINITE_RECURSION = YES;
				CLANG_WARN_INT_CONVERSION = YES;
				CLANG_WARN_NON_LITERAL_NULL_CONVERSION = YES;
				CLANG_WARN_OBJC_IMPLICIT_RETAIN_SELF = YES;
				CLANG_WARN_OBJC_LITERAL_CONVERSION = YES;
				CLANG_WARN_OBJC_ROOT_CLASS = YES_ERROR;
				CLANG_WARN_QUOTED_INCLUDE_IN_FRAMEWORK_HEADER = YES;
				CLANG_WARN_RANGE_LOOP_ANALYSIS = YES;
				CLANG_WARN_STRICT_PROTOTYPES = YES;
				CLANG_WARN_SUSPICIOUS_MOVE = YES;
				CLANG_WARN_UNGUARDED_AVAILABILITY = YES_AGGRESSIVE;
				CLANG_WARN_UNREACHABLE_CODE = YES;
				CLANG_WARN__DUPLICATE_METHOD_MATCH = YES;
				CODE_SIGN_STYLE = Automatic;
				COPY_PHASE_STRIP = NO;
				DEBUG_INFORMATION_FORMAT = dwarf;
				DEVELOPMENT_ASSET_PATHS = "\"sampleClient/Preview Content\"";
				DEVELOPMENT_TEAM = H34BY2CCCD;
				ENABLE_PREVIEWS = YES;
				ENABLE_STRICT_OBJC_MSGSEND = YES;
				ENABLE_TESTABILITY = YES;
				GCC_C_LANGUAGE_STANDARD = gnu11;
				GCC_DYNAMIC_NO_PIC = NO;
				GCC_NO_COMMON_BLOCKS = YES;
				GCC_OPTIMIZATION_LEVEL = 0;
				GCC_PREPROCESSOR_DEFINITIONS = (
					"DEBUG=1",
					"$(inherited)",
				);
				GCC_WARN_64_TO_32_BIT_CONVERSION = YES;
				GCC_WARN_ABOUT_RETURN_TYPE = YES_ERROR;
				GCC_WARN_UNDECLARED_SELECTOR = YES;
				GCC_WARN_UNINITIALIZED_AUTOS = YES_AGGRESSIVE;
				GCC_WARN_UNUSED_FUNCTION = YES;
				GCC_WARN_UNUSED_VARIABLE = YES;
				INFOPLIST_FILE = sampleClient/Info.plist;
				IPHONEOS_DEPLOYMENT_TARGET = 14.0;
				LD_RUNPATH_SEARCH_PATHS = (
					"$(inherited)",
					"@executable_path/Frameworks",
				);
				MTL_ENABLE_DEBUG_INFO = INCLUDE_SOURCE;
				MTL_FAST_MATH = YES;
				ONLY_ACTIVE_ARCH = YES;
				PRODUCT_BUNDLE_IDENTIFIER = org.singularitysociety.sampleClient;
				PRODUCT_NAME = "$(TARGET_NAME)";
				SDKROOT = iphoneos;
				SWIFT_ACTIVE_COMPILATION_CONDITIONS = DEBUG;
				SWIFT_OPTIMIZATION_LEVEL = "-Onone";
				SWIFT_VERSION = 5.0;
				TARGETED_DEVICE_FAMILY = "1,2";
			};
			name = Debug;
		};
		74477EB825991D0900C73577 /* Release */ = {
			isa = XCBuildConfiguration;
			baseConfigurationReference = 99C09FBDEFC6FEF5B6A4A16C /* Pods-sampleClient.release.xcconfig */;
			buildSettings = {
				ALWAYS_SEARCH_USER_PATHS = NO;
				ASSETCATALOG_COMPILER_APPICON_NAME = AppIcon;
				ASSETCATALOG_COMPILER_GLOBAL_ACCENT_COLOR_NAME = AccentColor;
				CLANG_ANALYZER_NONNULL = YES;
				CLANG_ANALYZER_NUMBER_OBJECT_CONVERSION = YES_AGGRESSIVE;
				CLANG_CXX_LANGUAGE_STANDARD = "gnu++14";
				CLANG_CXX_LIBRARY = "libc++";
				CLANG_ENABLE_MODULES = YES;
				CLANG_ENABLE_OBJC_ARC = YES;
				CLANG_ENABLE_OBJC_WEAK = YES;
				CLANG_WARN_BLOCK_CAPTURE_AUTORELEASING = YES;
				CLANG_WARN_BOOL_CONVERSION = YES;
				CLANG_WARN_COMMA = YES;
				CLANG_WARN_CONSTANT_CONVERSION = YES;
				CLANG_WARN_DEPRECATED_OBJC_IMPLEMENTATIONS = YES;
				CLANG_WARN_DIRECT_OBJC_ISA_USAGE = YES_ERROR;
				CLANG_WARN_DOCUMENTATION_COMMENTS = YES;
				CLANG_WARN_EMPTY_BODY = YES;
				CLANG_WARN_ENUM_CONVERSION = YES;
				CLANG_WARN_INFINITE_RECURSION = YES;
				CLANG_WARN_INT_CONVERSION = YES;
				CLANG_WARN_NON_LITERAL_NULL_CONVERSION = YES;
				CLANG_WARN_OBJC_IMPLICIT_RETAIN_SELF = YES;
				CLANG_WARN_OBJC_LITERAL_CONVERSION = YES;
				CLANG_WARN_OBJC_ROOT_CLASS = YES_ERROR;
				CLANG_WARN_QUOTED_INCLUDE_IN_FRAMEWORK_HEADER = YES;
				CLANG_WARN_RANGE_LOOP_ANALYSIS = YES;
				CLANG_WARN_STRICT_PROTOTYPES = YES;
				CLANG_WARN_SUSPICIOUS_MOVE = YES;
				CLANG_WARN_UNGUARDED_AVAILABILITY = YES_AGGRESSIVE;
				CLANG_WARN_UNREACHABLE_CODE = YES;
				CLANG_WARN__DUPLICATE_METHOD_MATCH = YES;
				CODE_SIGN_STYLE = Automatic;
				COPY_PHASE_STRIP = NO;
				DEBUG_INFORMATION_FORMAT = "dwarf-with-dsym";
				DEVELOPMENT_ASSET_PATHS = "\"sampleClient/Preview Content\"";
				DEVELOPMENT_TEAM = H34BY2CCCD;
				ENABLE_NS_ASSERTIONS = NO;
				ENABLE_PREVIEWS = YES;
				ENABLE_STRICT_OBJC_MSGSEND = YES;
				GCC_C_LANGUAGE_STANDARD = gnu11;
				GCC_NO_COMMON_BLOCKS = YES;
				GCC_WARN_64_TO_32_BIT_CONVERSION = YES;
				GCC_WARN_ABOUT_RETURN_TYPE = YES_ERROR;
				GCC_WARN_UNDECLARED_SELECTOR = YES;
				GCC_WARN_UNINITIALIZED_AUTOS = YES_AGGRESSIVE;
				GCC_WARN_UNUSED_FUNCTION = YES;
				GCC_WARN_UNUSED_VARIABLE = YES;
				INFOPLIST_FILE = sampleClient/Info.plist;
				IPHONEOS_DEPLOYMENT_TARGET = 14.0;
				LD_RUNPATH_SEARCH_PATHS = (
					"$(inherited)",
					"@executable_path/Frameworks",
				);
				MTL_ENABLE_DEBUG_INFO = NO;
				MTL_FAST_MATH = YES;
				PRODUCT_BUNDLE_IDENTIFIER = org.singularitysociety.sampleClient;
				PRODUCT_NAME = "$(TARGET_NAME)";
				SDKROOT = iphoneos;
				SWIFT_COMPILATION_MODE = wholemodule;
				SWIFT_OPTIMIZATION_LEVEL = "-O";
				SWIFT_VERSION = 5.0;
				TARGETED_DEVICE_FAMILY = "1,2";
				VALIDATE_PRODUCT = YES;
			};
			name = Release;
		};
		74477EDD25992F5600C73577 /* Debug */ = {
			isa = XCBuildConfiguration;
			baseConfigurationReference = B30BDF6643E49594A5D2E805 /* Pods-sampleServer.debug.xcconfig */;
			buildSettings = {
				ALWAYS_SEARCH_USER_PATHS = NO;
				ASSETCATALOG_COMPILER_APPICON_NAME = AppIcon;
				ASSETCATALOG_COMPILER_GLOBAL_ACCENT_COLOR_NAME = AccentColor;
				CLANG_ANALYZER_NONNULL = YES;
				CLANG_ANALYZER_NUMBER_OBJECT_CONVERSION = YES_AGGRESSIVE;
				CLANG_CXX_LANGUAGE_STANDARD = "gnu++14";
				CLANG_CXX_LIBRARY = "libc++";
				CLANG_ENABLE_MODULES = YES;
				CLANG_ENABLE_OBJC_ARC = YES;
				CLANG_ENABLE_OBJC_WEAK = YES;
				CLANG_WARN_BLOCK_CAPTURE_AUTORELEASING = YES;
				CLANG_WARN_BOOL_CONVERSION = YES;
				CLANG_WARN_COMMA = YES;
				CLANG_WARN_CONSTANT_CONVERSION = YES;
				CLANG_WARN_DEPRECATED_OBJC_IMPLEMENTATIONS = YES;
				CLANG_WARN_DIRECT_OBJC_ISA_USAGE = YES_ERROR;
				CLANG_WARN_DOCUMENTATION_COMMENTS = YES;
				CLANG_WARN_EMPTY_BODY = YES;
				CLANG_WARN_ENUM_CONVERSION = YES;
				CLANG_WARN_INFINITE_RECURSION = YES;
				CLANG_WARN_INT_CONVERSION = YES;
				CLANG_WARN_NON_LITERAL_NULL_CONVERSION = YES;
				CLANG_WARN_OBJC_IMPLICIT_RETAIN_SELF = YES;
				CLANG_WARN_OBJC_LITERAL_CONVERSION = YES;
				CLANG_WARN_OBJC_ROOT_CLASS = YES_ERROR;
				CLANG_WARN_QUOTED_INCLUDE_IN_FRAMEWORK_HEADER = YES;
				CLANG_WARN_RANGE_LOOP_ANALYSIS = YES;
				CLANG_WARN_STRICT_PROTOTYPES = YES;
				CLANG_WARN_SUSPICIOUS_MOVE = YES;
				CLANG_WARN_UNGUARDED_AVAILABILITY = YES_AGGRESSIVE;
				CLANG_WARN_UNREACHABLE_CODE = YES;
				CLANG_WARN__DUPLICATE_METHOD_MATCH = YES;
				CODE_SIGN_ENTITLEMENTS = sampleServer/sampleServer.entitlements;
				CODE_SIGN_STYLE = Automatic;
				COMBINE_HIDPI_IMAGES = YES;
				COPY_PHASE_STRIP = NO;
				DEBUG_INFORMATION_FORMAT = dwarf;
				DEVELOPMENT_ASSET_PATHS = "\"sampleServer/Preview Content\"";
				DEVELOPMENT_TEAM = H34BY2CCCD;
				ENABLE_HARDENED_RUNTIME = YES;
				ENABLE_PREVIEWS = YES;
				ENABLE_STRICT_OBJC_MSGSEND = YES;
				ENABLE_TESTABILITY = YES;
				GCC_C_LANGUAGE_STANDARD = gnu11;
				GCC_DYNAMIC_NO_PIC = NO;
				GCC_NO_COMMON_BLOCKS = YES;
				GCC_OPTIMIZATION_LEVEL = 0;
				GCC_PREPROCESSOR_DEFINITIONS = (
					"DEBUG=1",
					"$(inherited)",
				);
				GCC_WARN_64_TO_32_BIT_CONVERSION = YES;
				GCC_WARN_ABOUT_RETURN_TYPE = YES_ERROR;
				GCC_WARN_UNDECLARED_SELECTOR = YES;
				GCC_WARN_UNINITIALIZED_AUTOS = YES_AGGRESSIVE;
				GCC_WARN_UNUSED_FUNCTION = YES;
				GCC_WARN_UNUSED_VARIABLE = YES;
				INFOPLIST_FILE = sampleServer/Info.plist;
				LD_RUNPATH_SEARCH_PATHS = (
					"$(inherited)",
					"@executable_path/../Frameworks",
				);
				MACOSX_DEPLOYMENT_TARGET = 11.0;
				MTL_ENABLE_DEBUG_INFO = INCLUDE_SOURCE;
				MTL_FAST_MATH = YES;
				ONLY_ACTIVE_ARCH = YES;
				PRODUCT_BUNDLE_IDENTIFIER = org.singularitysociety.sampleServer;
				PRODUCT_NAME = "$(TARGET_NAME)";
				SDKROOT = macosx;
				SWIFT_ACTIVE_COMPILATION_CONDITIONS = DEBUG;
				SWIFT_OPTIMIZATION_LEVEL = "-Onone";
				SWIFT_VERSION = 5.0;
			};
			name = Debug;
		};
		74477EDE25992F5600C73577 /* Release */ = {
			isa = XCBuildConfiguration;
			baseConfigurationReference = E525FA670C0A847C55594E47 /* Pods-sampleServer.release.xcconfig */;
			buildSettings = {
				ALWAYS_SEARCH_USER_PATHS = NO;
				ASSETCATALOG_COMPILER_APPICON_NAME = AppIcon;
				ASSETCATALOG_COMPILER_GLOBAL_ACCENT_COLOR_NAME = AccentColor;
				CLANG_ANALYZER_NONNULL = YES;
				CLANG_ANALYZER_NUMBER_OBJECT_CONVERSION = YES_AGGRESSIVE;
				CLANG_CXX_LANGUAGE_STANDARD = "gnu++14";
				CLANG_CXX_LIBRARY = "libc++";
				CLANG_ENABLE_MODULES = YES;
				CLANG_ENABLE_OBJC_ARC = YES;
				CLANG_ENABLE_OBJC_WEAK = YES;
				CLANG_WARN_BLOCK_CAPTURE_AUTORELEASING = YES;
				CLANG_WARN_BOOL_CONVERSION = YES;
				CLANG_WARN_COMMA = YES;
				CLANG_WARN_CONSTANT_CONVERSION = YES;
				CLANG_WARN_DEPRECATED_OBJC_IMPLEMENTATIONS = YES;
				CLANG_WARN_DIRECT_OBJC_ISA_USAGE = YES_ERROR;
				CLANG_WARN_DOCUMENTATION_COMMENTS = YES;
				CLANG_WARN_EMPTY_BODY = YES;
				CLANG_WARN_ENUM_CONVERSION = YES;
				CLANG_WARN_INFINITE_RECURSION = YES;
				CLANG_WARN_INT_CONVERSION = YES;
				CLANG_WARN_NON_LITERAL_NULL_CONVERSION = YES;
				CLANG_WARN_OBJC_IMPLICIT_RETAIN_SELF = YES;
				CLANG_WARN_OBJC_LITERAL_CONVERSION = YES;
				CLANG_WARN_OBJC_ROOT_CLASS = YES_ERROR;
				CLANG_WARN_QUOTED_INCLUDE_IN_FRAMEWORK_HEADER = YES;
				CLANG_WARN_RANGE_LOOP_ANALYSIS = YES;
				CLANG_WARN_STRICT_PROTOTYPES = YES;
				CLANG_WARN_SUSPICIOUS_MOVE = YES;
				CLANG_WARN_UNGUARDED_AVAILABILITY = YES_AGGRESSIVE;
				CLANG_WARN_UNREACHABLE_CODE = YES;
				CLANG_WARN__DUPLICATE_METHOD_MATCH = YES;
				CODE_SIGN_ENTITLEMENTS = sampleServer/sampleServer.entitlements;
				CODE_SIGN_STYLE = Automatic;
				COMBINE_HIDPI_IMAGES = YES;
				COPY_PHASE_STRIP = NO;
				DEBUG_INFORMATION_FORMAT = "dwarf-with-dsym";
				DEVELOPMENT_ASSET_PATHS = "\"sampleServer/Preview Content\"";
				DEVELOPMENT_TEAM = H34BY2CCCD;
				ENABLE_HARDENED_RUNTIME = YES;
				ENABLE_NS_ASSERTIONS = NO;
				ENABLE_PREVIEWS = YES;
				ENABLE_STRICT_OBJC_MSGSEND = YES;
				GCC_C_LANGUAGE_STANDARD = gnu11;
				GCC_NO_COMMON_BLOCKS = YES;
				GCC_WARN_64_TO_32_BIT_CONVERSION = YES;
				GCC_WARN_ABOUT_RETURN_TYPE = YES_ERROR;
				GCC_WARN_UNDECLARED_SELECTOR = YES;
				GCC_WARN_UNINITIALIZED_AUTOS = YES_AGGRESSIVE;
				GCC_WARN_UNUSED_FUNCTION = YES;
				GCC_WARN_UNUSED_VARIABLE = YES;
				INFOPLIST_FILE = sampleServer/Info.plist;
				LD_RUNPATH_SEARCH_PATHS = (
					"$(inherited)",
					"@executable_path/../Frameworks",
				);
				MACOSX_DEPLOYMENT_TARGET = 11.0;
				MTL_ENABLE_DEBUG_INFO = NO;
				MTL_FAST_MATH = YES;
				PRODUCT_BUNDLE_IDENTIFIER = org.singularitysociety.sampleServer;
				PRODUCT_NAME = "$(TARGET_NAME)";
				SDKROOT = macosx;
				SWIFT_COMPILATION_MODE = wholemodule;
				SWIFT_OPTIMIZATION_LEVEL = "-O";
				SWIFT_VERSION = 5.0;
			};
			name = Release;
		};
/* End XCBuildConfiguration section */

/* Begin XCConfigurationList section */
		74477EA325991C9C00C73577 /* Build configuration list for PBXProject "bonjour-http" */ = {
			isa = XCConfigurationList;
			buildConfigurations = (
				74477EA425991C9C00C73577 /* Debug */,
				74477EA525991C9C00C73577 /* Release */,
			);
			defaultConfigurationIsVisible = 0;
			defaultConfigurationName = Release;
		};
		74477EB925991D0900C73577 /* Build configuration list for PBXNativeTarget "sampleClient" */ = {
			isa = XCConfigurationList;
			buildConfigurations = (
				74477EB725991D0900C73577 /* Debug */,
				74477EB825991D0900C73577 /* Release */,
			);
			defaultConfigurationIsVisible = 0;
			defaultConfigurationName = Release;
		};
		74477EDC25992F5600C73577 /* Build configuration list for PBXNativeTarget "sampleServer" */ = {
			isa = XCConfigurationList;
			buildConfigurations = (
				74477EDD25992F5600C73577 /* Debug */,
				74477EDE25992F5600C73577 /* Release */,
			);
			defaultConfigurationIsVisible = 0;
			defaultConfigurationName = Release;
		};
/* End XCConfigurationList section */
	};
	rootObject = 74477EA025991C9C00C73577 /* Project object */;
}
